
Microsoft Visual Studio Solution File, Format Version 12.00
# Visual Studio 2012
Project("{E24C65DC-7377-472B-9ABA-BC803B73C61A}") = "VIS Assignment 1", ".", "{205EA121-F91A-40A4-B7C8-1C8517E3B99C}"
	ProjectSection(WebsiteProperties) = preProject
		TargetFrameworkMoniker = ".NETFramework,Version%3Dv4.5"
		Debug.AspNetCompiler.VirtualPath = "/VIS Assignment 1"
		Debug.AspNetCompiler.PhysicalPath = "..\VIS Assignment 1\"
		Debug.AspNetCompiler.TargetPath = "PrecompiledWeb\VIS Assignment 1\"
		Debug.AspNetCompiler.Updateable = "true"
		Debug.AspNetCompiler.ForceOverwrite = "true"
		Debug.AspNetCompiler.FixedNames = "false"
		Debug.AspNetCompiler.Debug = "True"
		Release.AspNetCompiler.VirtualPath = "/VIS Assignment 1"
		Release.AspNetCompiler.PhysicalPath = "..\VIS Assignment 1\"
		Release.AspNetCompiler.TargetPath = "PrecompiledWeb\VIS Assignment 1\"
		Release.AspNetCompiler.Updateable = "true"
		Release.AspNetCompiler.ForceOverwrite = "true"
		Release.AspNetCompiler.FixedNames = "false"
		Release.AspNetCompiler.Debug = "False"
		VWDPort = "63307"
	EndProjectSection
EndProject
Global
	GlobalSection(SolutionConfigurationPlatforms) = preSolution
		Debug|Any CPU = Debug|Any CPU
	EndGlobalSection
	GlobalSection(ProjectConfigurationPlatforms) = postSolution
		{205EA121-F91A-40A4-B7C8-1C8517E3B99C}.Debug|Any CPU.ActiveCfg = Debug|Any CPU
		{205EA121-F91A-40A4-B7C8-1C8517E3B99C}.Debug|Any CPU.Build.0 = Debug|Any CPU
	EndGlobalSection
	GlobalSection(SolutionProperties) = preSolution
		HideSolutionNode = FALSE
	EndGlobalSection
EndGlobal
